{
  "schema": 8,
  "config": "953c5885d9bac313f649a27c1e8cdf3ec83a86b1c743b74f79a631668eebe03b",
  "source": "379cda110567d034df35f6fd9785deb07aae89269fdbc2720744c05b449c63c8",
  "exporter": "34fa3a5aa0cb21a5c62e2411fb5e923bbc3e44a71b1c72264296f7f4a8589874",
  "artifact": "68e9458538dfa304c4c146aa2a7cdda09a688c4c8636759ff5fdbeb916430b0e",
  "identity": "9850c18daf7610c49de9d1e4e8cbd30a74faaf2def83116fa832c52e1c2fedac",
  "charon_driver": "f1a5b3aa7c2bf75684a9ecab5f1d02795caac95d27798f9e208742a026b01a7d"
}