{
  "schema": 8,
  "config": "953c5885d9bac313f649a27c1e8cdf3ec83a86b1c743b74f79a631668eebe03b",
  "source": "379cda110567d034df35f6fd9785deb07aae89269fdbc2720744c05b449c63c8",
  "exporter": "34fa3a5aa0cb21a5c62e2411fb5e923bbc3e44a71b1c72264296f7f4a8589874",
  "artifact": "e0fb1b450040479e93ab8638a940615e65da5e20f5fc4450b06cfa12c4e8e2e9",
  "identity": "ae7107c843e77d416c43e718b6e2d6c2b61e9dc33a82fb9aa51f53c594f34cad",
  "charon_driver": "f1a5b3aa7c2bf75684a9ecab5f1d02795caac95d27798f9e208742a026b01a7d"
}