{
  "schema": 8,
  "config": "52fbd16889ae8f22ec63ddcabb1f6313640f9bcd5e38b131231c1d22364f79bb",
  "source": "18a3e788b517a4de4092c3d4c6387f35db2113825fe10164e003ee816c22c0a5",
  "exporter": "34fa3a5aa0cb21a5c62e2411fb5e923bbc3e44a71b1c72264296f7f4a8589874",
  "artifact": "4a7ea6d51b2d749230be668bacd5d0c5991b93a7faf8e28fe4a044c0312299ea",
  "identity": "e0568228cd36e5fa1e90cb05332ebc4dfe5be317efa13845919c11f227ec82aa",
  "charon_driver": "f1a5b3aa7c2bf75684a9ecab5f1d02795caac95d27798f9e208742a026b01a7d"
}