{
  "schema": 8,
  "config": "7ef04222a537a956b4ba647eb2c0935fb210c7450a8040b3c8d77787b4924ab5",
  "source": "309a1cf4bc23114b252e51edf37e3d8b531744abb23a5149ab0b8046b0f44f50",
  "exporter": "e022313f794c7e324a8704d76df04d99a4fa84b509c0b5f3e4940e94dffe655b",
  "artifact": "a49f9a4b559017127b513e0fb06af2a6cf6e6f4aa32f65aa6de9e8b9b211ae8f",
  "identity": "5d5c501d97ff715568be8a855e3e3e31db2d40f45c73f7c88daf45ba2de8dfa7",
  "charon_driver": "9690974df0ebd5515919e754ae99d8634d2476a4af9ba2b05a8e5efa40906919"
}