{
  "schema": 8,
  "config": "7be4260b9c0027018cfcd30e3e2d03c761febf188570c979c72d91cdfb0d24a8",
  "source": "fec16262fee1d29eb809c3262abb71f37553d7363143eb6bb855feefa491f134",
  "exporter": "e022313f794c7e324a8704d76df04d99a4fa84b509c0b5f3e4940e94dffe655b",
  "artifact": "c5226e0e688d9a835d66bc756c76d7a3a99d5395d7384eb8caf30c898929de32",
  "identity": "90e589bfc4999211d56e474b502360f5201310354bfe051bee6cc5f4dae1f2bd",
  "charon_driver": "9690974df0ebd5515919e754ae99d8634d2476a4af9ba2b05a8e5efa40906919"
}