{
  "schema": 8,
  "config": "0c7ebf03a570d34e4e994afca7a153bbcee955eae11bfc8af76ec0f8b5b54a10",
  "source": "b806d07626e8f67e00e6f7482f4ec6ee06fe67cb5d1dd67d12330a9533beaa40",
  "exporter": "e022313f794c7e324a8704d76df04d99a4fa84b509c0b5f3e4940e94dffe655b",
  "artifact": "de003497651518355128614696e5feae50d6d6d51ac2e277022e16c978ee2dd5",
  "identity": "808624f1a5a5741e9aebd9752ceb01e104aa3cb6522e865a78fe0c4015bd3185",
  "charon_driver": "9690974df0ebd5515919e754ae99d8634d2476a4af9ba2b05a8e5efa40906919"
}