{
  "schema": 8,
  "config": "3d25bf6306a6feeb90100ffdd6c662775261b6d038ef357e569b96bc9671e880",
  "source": "1985c5f2a9bf25fb9fe091dfa386cae15d111e47897c177c0a84adf7da114545",
  "exporter": "34fa3a5aa0cb21a5c62e2411fb5e923bbc3e44a71b1c72264296f7f4a8589874",
  "artifact": "4fb86f1c6cc60ee520b836329aa16661eb987b18199592bbcdc3af6b4ccd77c2",
  "identity": "06c8737641c603c97c8346c6e473e960574790ed36b82281276d6e077dfab4ff",
  "charon_driver": "f1a5b3aa7c2bf75684a9ecab5f1d02795caac95d27798f9e208742a026b01a7d"
}