{
  "schema": 8,
  "config": "577c36f948de4b464096be6499eb6126da29f2560a943fc5715b96f8f45a4c4f",
  "source": "1985c5f2a9bf25fb9fe091dfa386cae15d111e47897c177c0a84adf7da114545",
  "exporter": "e022313f794c7e324a8704d76df04d99a4fa84b509c0b5f3e4940e94dffe655b",
  "artifact": "6afc0f3a45772237b76e6b455c00fea233389120c17f24db63879114a6ddd3fd",
  "identity": "d053d36f7ea4f416fa731a2d1e944f5b50d9dfed25c5b7bfab2cbddbaf6031ef",
  "charon_driver": "9690974df0ebd5515919e754ae99d8634d2476a4af9ba2b05a8e5efa40906919"
}