{
  "schema": 8,
  "config": "4423217eff7f194864661bd5b4f7047a9094152a1acde40d46126c6f604273aa",
  "source": "964bf3f4e263e595c860f05c1ac4cc2b462516ef1d75f60cde15f9f09faea52d",
  "exporter": "e022313f794c7e324a8704d76df04d99a4fa84b509c0b5f3e4940e94dffe655b",
  "artifact": "d5ba65c11a5440d0dbf46bd22f8babb7be6bee406daeaf55d65f2068b1135eb3",
  "identity": "4b76354539c26a06b43cd7ba8b809b0bcdb7e6c08d236192a1f81a3fbc85637b",
  "charon_driver": "9690974df0ebd5515919e754ae99d8634d2476a4af9ba2b05a8e5efa40906919"
}
