{
  "schema": 8,
  "config": "4423217eff7f194864661bd5b4f7047a9094152a1acde40d46126c6f604273aa",
  "source": "964bf3f4e263e595c860f05c1ac4cc2b462516ef1d75f60cde15f9f09faea52d",
  "exporter": "34fa3a5aa0cb21a5c62e2411fb5e923bbc3e44a71b1c72264296f7f4a8589874",
  "artifact": "1e7edb0e862a3b78b6fea22ffccde7fdf1adc5fd00bc5f991be122274aff7507",
  "identity": "37e79760fde3514b506909ec1fa0a303c44fb78361f82271dc9a44ff58221810",
  "charon_driver": "f1a5b3aa7c2bf75684a9ecab5f1d02795caac95d27798f9e208742a026b01a7d"
}