{
  "schema": 8,
  "config": "1a111191a1445fe884f4e644b159c1683c94b4642b42a23aa3e62237c8f9e136",
  "source": "1b7f514516c8a2b381b5ca4138ee1e51adbda6e2b0875ff613eeaf7aa94541f8",
  "exporter": "e022313f794c7e324a8704d76df04d99a4fa84b509c0b5f3e4940e94dffe655b",
  "artifact": "12c6c28fd5442ce7b74164158f62e1e271abc839675fbdda550d78da2e12f8fd",
  "identity": "e611ccce84261fe8021a735facb7930e5d70cc26e83ec3c5ead19c5a2ec3e197",
  "charon_driver": "9690974df0ebd5515919e754ae99d8634d2476a4af9ba2b05a8e5efa40906919"
}
