{
  "schema": 8,
  "config": "1a111191a1445fe884f4e644b159c1683c94b4642b42a23aa3e62237c8f9e136",
  "source": "1b7f514516c8a2b381b5ca4138ee1e51adbda6e2b0875ff613eeaf7aa94541f8",
  "exporter": "34fa3a5aa0cb21a5c62e2411fb5e923bbc3e44a71b1c72264296f7f4a8589874",
  "artifact": "0dc3b64b8b4d213be9af1a350f02376f1a9c678dff78df670a121ef285845072",
  "identity": "8b9bea1eb32f6e2e1612452017895b054ec670d3bcccf98811fd816c239797a7",
  "charon_driver": "f1a5b3aa7c2bf75684a9ecab5f1d02795caac95d27798f9e208742a026b01a7d"
}