{
  "schema": 8,
  "config": "85d9fb288dc80d581876e2f0f9c3fbe81abe2eb56479ce2f393ee3991a1182b7",
  "source": "fae89e2b272df23617da336a4859f07a7a3bbddb69020d1d454a86d95237310b",
  "exporter": "34fa3a5aa0cb21a5c62e2411fb5e923bbc3e44a71b1c72264296f7f4a8589874",
  "artifact": "b6060be4246078effe795bee39335961695a33beb8baf06a88384abb0bf0fd36",
  "identity": "8489c618bcf55f06e1e935a29e8a27c4edb5c7d0e66dd265835649e2755ba75c",
  "charon_driver": "f1a5b3aa7c2bf75684a9ecab5f1d02795caac95d27798f9e208742a026b01a7d"
}