{
  "schema": 8,
  "config": "85d9fb288dc80d581876e2f0f9c3fbe81abe2eb56479ce2f393ee3991a1182b7",
  "source": "fae89e2b272df23617da336a4859f07a7a3bbddb69020d1d454a86d95237310b",
  "exporter": "e022313f794c7e324a8704d76df04d99a4fa84b509c0b5f3e4940e94dffe655b",
  "artifact": "1326ffbd040d02fdb1a0cdca5a69745fc36f5ff201245e3d946c7fc79a745f9c",
  "identity": "99b15404731197161670d60952eb5c6708b92a4a457f38fb516c756be24f5058",
  "charon_driver": "9690974df0ebd5515919e754ae99d8634d2476a4af9ba2b05a8e5efa40906919"
}
