{
  "schema": 8,
  "config": "40d8e584033ec25e6004c3452a1c7b69579d437576adbbab7d4454b8c964ec61",
  "source": "5216c3642d3b0cad91c532cc16e5818dec32f14d650d48b4d57b46ea0f75faf8",
  "exporter": "34fa3a5aa0cb21a5c62e2411fb5e923bbc3e44a71b1c72264296f7f4a8589874",
  "artifact": "e35cf0af37eb0666b484d95eb6750dea172af65aadc9c6fe13e83e9240807d70",
  "identity": "c0ffbdef4c917d243f0a58c5973ced48cd11b0e8fdc9daeb7efa1892b5223a36",
  "charon_driver": "f1a5b3aa7c2bf75684a9ecab5f1d02795caac95d27798f9e208742a026b01a7d"
}
