{
  "schema": 8,
  "config": "40486f295af516aa83e8a98d5714a944524ef3b5c430a974bd042fe09c4b2c93",
  "source": "4350c57c2b147b23e60c030966c9e244d6b26f247dcc24d53b0f39b59139a943",
  "exporter": "34fa3a5aa0cb21a5c62e2411fb5e923bbc3e44a71b1c72264296f7f4a8589874",
  "artifact": "d57ec4934e93856a39735356b32236f29a8cbeb5634f7b8abfa5b7ebf18c0b72",
  "identity": "17878c8ed9c8ab7e70f7f551c1c74bf3f080d6e4a8345ae17ab4cbd516c13011",
  "charon_driver": "f1a5b3aa7c2bf75684a9ecab5f1d02795caac95d27798f9e208742a026b01a7d"
}
