{
  "schema": 8,
  "config": "953c5885d9bac313f649a27c1e8cdf3ec83a86b1c743b74f79a631668eebe03b",
  "source": "7703f5f6e7010564f2595e1414d54fb12670c00f454d4606039ebd1872fe060a",
  "exporter": "e022313f794c7e324a8704d76df04d99a4fa84b509c0b5f3e4940e94dffe655b",
  "artifact": "b0ef42b503fc0713eab76afb5b3eb9e58c09b19b262c84c2b23723487127463a",
  "identity": "9654908cc3e0eb7fc9590d8ffc777f4871fe0024e88cc9b2106281b35b45df3b",
  "charon_driver": "9690974df0ebd5515919e754ae99d8634d2476a4af9ba2b05a8e5efa40906919"
}