{
  "schema": 8,
  "config": "1fc33d3f8594cf277f731f1b9e2795e885fc71caf0888407707506bd8678e091",
  "source": "1ffde6fb50bcddd1e2a43d058da481fe76cea8ac083734ced9882422696975ba",
  "exporter": "e022313f794c7e324a8704d76df04d99a4fa84b509c0b5f3e4940e94dffe655b",
  "artifact": "3d53429a861f9ac1fa790e62e360cc3f87032cf182473f42c785825afd08a590",
  "identity": "9e683775e1fcfd29d6bccbdd4a202dbc731a22d094bdcc4af3c4266346b96fed",
  "charon_driver": "9690974df0ebd5515919e754ae99d8634d2476a4af9ba2b05a8e5efa40906919"
}