{
  "schema": 8,
  "config": "80d8efd173428c5bee9063df7951df014803a2b0cc1ed07040c7eacd3c0c2797",
  "source": "1ffde6fb50bcddd1e2a43d058da481fe76cea8ac083734ced9882422696975ba",
  "exporter": "34fa3a5aa0cb21a5c62e2411fb5e923bbc3e44a71b1c72264296f7f4a8589874",
  "artifact": "ecd27fccb8f0bf6ae5ff638dbc311e946770a21ffc3b739905c81ed3285475c3",
  "identity": "a3c1455a30eefcf1b4bc5c819445cc4fc4b3e49e1ceea1b8fe0d9800c7c8529a",
  "charon_driver": "f1a5b3aa7c2bf75684a9ecab5f1d02795caac95d27798f9e208742a026b01a7d"
}