{
  "schema": 8,
  "config": "1f5a341ff034f366cd1179f309a122551286988c807d5899ce005c9077c3d011",
  "source": "f5ec7c979c6a1146a864d5dc2814b2003a15be3c7c665f3d15b8837f56a70bba",
  "exporter": "34fa3a5aa0cb21a5c62e2411fb5e923bbc3e44a71b1c72264296f7f4a8589874",
  "artifact": "2ecbdbf0e0fc178b451dbda0e779724a8cd1fcdaed50e023900064f0807c4ea2",
  "identity": "2a5c43186611b39df275fac88ee3b26c6312b25ba371d3d988e1a404a222422e",
  "charon_driver": "f1a5b3aa7c2bf75684a9ecab5f1d02795caac95d27798f9e208742a026b01a7d"
}