{
  "schema": 8,
  "config": "e7a850c39dd2596fc737be9c84a047610c6310a38759963f236f7363d13cc27c",
  "source": "f5ec7c979c6a1146a864d5dc2814b2003a15be3c7c665f3d15b8837f56a70bba",
  "exporter": "e022313f794c7e324a8704d76df04d99a4fa84b509c0b5f3e4940e94dffe655b",
  "artifact": "b7a5f24bd3b22adf6ffd1f12c2b46a562c0320705ed95a25e8cb8c4606017ffb",
  "identity": "441863bfe653653a2923721f7397c0fe4ea61a714627efecd80af69cdb2a0b42",
  "charon_driver": "9690974df0ebd5515919e754ae99d8634d2476a4af9ba2b05a8e5efa40906919"
}