{
  "schema": 8,
  "config": "0c7ebf03a570d34e4e994afca7a153bbcee955eae11bfc8af76ec0f8b5b54a10",
  "source": "e66c78ae6dd53be17b97d840f1ec0b03786094976a87be72579fb4c2815f0652",
  "exporter": "e022313f794c7e324a8704d76df04d99a4fa84b509c0b5f3e4940e94dffe655b",
  "artifact": "d3c62157f98eb4245862bc0099f628434a6b9cb2ad88cabc77ab4ea90564abbb",
  "identity": "77b2ce439fdde560ab058e81264e5d431c29412baa91ac7fe39984f0f6358b4f",
  "charon_driver": "9690974df0ebd5515919e754ae99d8634d2476a4af9ba2b05a8e5efa40906919"
}