{
  "schema": 8,
  "config": "eccd18f68e7f2a2e85190449e8b28eb665810a36527585ec619673a89e12eb82",
  "source": "1b7f514516c8a2b381b5ca4138ee1e51adbda6e2b0875ff613eeaf7aa94541f8",
  "exporter": "e022313f794c7e324a8704d76df04d99a4fa84b509c0b5f3e4940e94dffe655b",
  "artifact": "e21ae807b9ebf9373742e814fc3f998bbbeb9b9bc339b2b57f8b712e57f8536e",
  "identity": "ed6f1ec0f6ff0796fbb43d6b45d7ae0486d990eb390cb25d23b0840ba6f0b21d",
  "charon_driver": "9690974df0ebd5515919e754ae99d8634d2476a4af9ba2b05a8e5efa40906919"
}