{
  "schema": 8,
  "config": "b2eef943ec0a9f34b1413195724683f141f3655ad2815659eb32013eeffd56ee",
  "source": "1b7f514516c8a2b381b5ca4138ee1e51adbda6e2b0875ff613eeaf7aa94541f8",
  "exporter": "34fa3a5aa0cb21a5c62e2411fb5e923bbc3e44a71b1c72264296f7f4a8589874",
  "artifact": "9306c9bf8c5b15fda1f1785dec7ca37707d82bdb03ec0b4b22e8fa31610e0766",
  "identity": "9dc0d3f15c6195d62143b1dafcfd73e871453899609c18b82c18731b8b60fd16",
  "charon_driver": "f1a5b3aa7c2bf75684a9ecab5f1d02795caac95d27798f9e208742a026b01a7d"
}