{
  "schema": 8,
  "config": "6bc2da08a2e807ae414e186a67796524f5c491d79010dc5fe381e35b17b62f37",
  "source": "ee4d1e1be97add652cf9f7afe320b9c7623cc4e8e0c316ad73ba9ca938d1b76d",
  "exporter": "e022313f794c7e324a8704d76df04d99a4fa84b509c0b5f3e4940e94dffe655b",
  "artifact": "83a5930b189e19ebca15cfec840b35e0316146fe0511eaa89eba59f631619ab8",
  "identity": "c6a226314952971c2a15f795bc1e0e4165e81cd09de54532104dd64e7a98dafd",
  "charon_driver": "9690974df0ebd5515919e754ae99d8634d2476a4af9ba2b05a8e5efa40906919"
}