{
  "schema": 8,
  "config": "fc1d1ee9570cf021f562b0c05c865c49acd26db43fa45eb5bc63579ce0322f5e",
  "source": "f930d09a553d90952f1fd819c4a9e114dfa861e98c42a4f716dc2d9a1a1aee65",
  "exporter": "e022313f794c7e324a8704d76df04d99a4fa84b509c0b5f3e4940e94dffe655b",
  "artifact": "dc2473f0044769e0ded498390795bc2965c0cb14ac92ce2157f8560e900fc304",
  "identity": "3244ba3355a972ec7bf161930f50a15940a369d4e30c1460b35728f5a667d623",
  "charon_driver": "9690974df0ebd5515919e754ae99d8634d2476a4af9ba2b05a8e5efa40906919"
}