{
  "schema": 8,
  "config": "e7a850c39dd2596fc737be9c84a047610c6310a38759963f236f7363d13cc27c",
  "source": "44b9efe6b8cc8853fa840fc425fa21cd0be2dbf2f3e6434083db15d68cd10353",
  "exporter": "e022313f794c7e324a8704d76df04d99a4fa84b509c0b5f3e4940e94dffe655b",
  "artifact": "4575d5662a98f6957db3a4737a7e146a5d62f6a3fafcd78858339220a4018415",
  "identity": "8e5c46f33a50bdd21ad63d71decf28e529b8eb954a7e4670f5be6c647ec01616",
  "charon_driver": "9690974df0ebd5515919e754ae99d8634d2476a4af9ba2b05a8e5efa40906919"
}