{
  "schema": 8,
  "config": "1f5a341ff034f366cd1179f309a122551286988c807d5899ce005c9077c3d011",
  "source": "44b9efe6b8cc8853fa840fc425fa21cd0be2dbf2f3e6434083db15d68cd10353",
  "exporter": "34fa3a5aa0cb21a5c62e2411fb5e923bbc3e44a71b1c72264296f7f4a8589874",
  "artifact": "a3483373fcece2c8d66917de640a7e40e84219cb718f829a3079f0c37bf22e00",
  "identity": "51e5585fe38ad13edacce17625ce10585ec89996dfc89c731fef11052fd17e7f",
  "charon_driver": "f1a5b3aa7c2bf75684a9ecab5f1d02795caac95d27798f9e208742a026b01a7d"
}