{
  "schema": 8,
  "config": "0c7ebf03a570d34e4e994afca7a153bbcee955eae11bfc8af76ec0f8b5b54a10",
  "source": "5216c3642d3b0cad91c532cc16e5818dec32f14d650d48b4d57b46ea0f75faf8",
  "exporter": "e022313f794c7e324a8704d76df04d99a4fa84b509c0b5f3e4940e94dffe655b",
  "artifact": "67419c7500ac22ec417612aec2ee3763967af3e9b212733cf4d5928412c31807",
  "identity": "fda82780ab9819468db8f51df74d596227066960f6fb4fc7910f79bb39e0ed15",
  "charon_driver": "9690974df0ebd5515919e754ae99d8634d2476a4af9ba2b05a8e5efa40906919"
}