{
  "schema": 8,
  "config": "2b157c83b204734be242ad03e6e276e2480defd2d624ae39c4260c09489adb13",
  "source": "10923d77ca24bb221ea7dda2854a16707b5c563bdc61fbda43b56ff621545b3d",
  "exporter": "e022313f794c7e324a8704d76df04d99a4fa84b509c0b5f3e4940e94dffe655b",
  "artifact": "55ad03e9e411fe70bb0b927fc9e45e1653f8d45ce04a68867703ccced6509d8c",
  "identity": "419da5969d07472399dc695361909a76d706ed587ece21ca2a692a3f5a5f9e5c",
  "charon_driver": "9690974df0ebd5515919e754ae99d8634d2476a4af9ba2b05a8e5efa40906919"
}