{
  "schema": 8,
  "config": "52fbd16889ae8f22ec63ddcabb1f6313640f9bcd5e38b131231c1d22364f79bb",
  "source": "87313cbf3b3ffa154117f7b1232acc9bc291fa35ce79e88aa791bc21d9819d62",
  "exporter": "e022313f794c7e324a8704d76df04d99a4fa84b509c0b5f3e4940e94dffe655b",
  "artifact": "d74bdb182010ebbe6564bb610958f093fd243d50b7696ce69a8c91bbb831bafc",
  "identity": "d3cb1b4a06796ec8aa463be1b33b790762a94089ed5730ab1d66a645c867a280",
  "charon_driver": "9690974df0ebd5515919e754ae99d8634d2476a4af9ba2b05a8e5efa40906919"
}