{
  "schema": 8,
  "config": "74ea3d5613a6542fe3eac8d5eed268b5c6d11249969a8248fdedcca2716b09b3",
  "source": "fae89e2b272df23617da336a4859f07a7a3bbddb69020d1d454a86d95237310b",
  "exporter": "e022313f794c7e324a8704d76df04d99a4fa84b509c0b5f3e4940e94dffe655b",
  "artifact": "200c7b50d06f782493fde35c2854afd9585fe6a0ea99fa2e74348664ecd19998",
  "identity": "79827e25d5ab0acc3f58f86c94b37c6641292075ab52be9ccf10a79afe8fdba4",
  "charon_driver": "9690974df0ebd5515919e754ae99d8634d2476a4af9ba2b05a8e5efa40906919"
}