{
  "schema": 8,
  "config": "fc8456cd25d902fae541c095e4cc4a3c407e6bd21f06651d565e24ad71c0d600",
  "source": "f5e051368029acc288401af298cd0f560dd98792904a3580175e3f6b4eeb2c8f",
  "exporter": "34fa3a5aa0cb21a5c62e2411fb5e923bbc3e44a71b1c72264296f7f4a8589874",
  "artifact": "420caa612a3ccf184b5293df859d6c44a59d92e81314d2392179edc8d62badd2",
  "identity": "27f658dc3ac9b2952e6d3efabab8365f39d596080b7831eca10af7fe96d82ef5",
  "charon_driver": "f1a5b3aa7c2bf75684a9ecab5f1d02795caac95d27798f9e208742a026b01a7d"
}