{
  "schema": 8,
  "config": "04074c7f4170ce210dafd29cff957696032aa5fc64e38e5732db60fcd307a07d",
  "source": "8e06f0311715da73c6328a862d5bf4a1c36cb612ea46fc1ac65cd2202f0620c4",
  "exporter": "34fa3a5aa0cb21a5c62e2411fb5e923bbc3e44a71b1c72264296f7f4a8589874",
  "artifact": "de2ac8184506287db201f060404c5867777564635762d368d7f181545b92f6d6",
  "identity": "aacdb9ee792c1b00dbc9348b95050f08626c7cc86412acaf0273fe324cb136d6",
  "charon_driver": "f1a5b3aa7c2bf75684a9ecab5f1d02795caac95d27798f9e208742a026b01a7d"
}