{
  "schema": 8,
  "config": "adf488dc8893cf0adeed4038a92db5f8822595397a96dda53cd2ea2318fb974b",
  "source": "8e06f0311715da73c6328a862d5bf4a1c36cb612ea46fc1ac65cd2202f0620c4",
  "exporter": "e022313f794c7e324a8704d76df04d99a4fa84b509c0b5f3e4940e94dffe655b",
  "artifact": "4c88a400795c465d32752947947700da4bc933fbd5badca87a6a7ec7f947b5fa",
  "identity": "4b81cd4ee21ce8d8ca2d165ef70d83f574f54abc30281aeb063d6271eee7af67",
  "charon_driver": "9690974df0ebd5515919e754ae99d8634d2476a4af9ba2b05a8e5efa40906919"
}