{
  "schema": 8,
  "config": "046f2fa5dea988a7f391a8128774caad0a7f223fdb6b0fcbcd3b2e88d1709cb9",
  "source": "06e9d211e1e0b095872a1c55450d7d12ecc656e45d82dee070951fb56a336bdd",
  "exporter": "34fa3a5aa0cb21a5c62e2411fb5e923bbc3e44a71b1c72264296f7f4a8589874",
  "artifact": "acc2e563746ba42739a82efae0c634d34a057806d9e2d0b0728b9c081d9bfd1c",
  "identity": "cfbf2f680afab6f5a873d99161447ab7343aaeb4133b127b16195d13278b8bef",
  "charon_driver": "f1a5b3aa7c2bf75684a9ecab5f1d02795caac95d27798f9e208742a026b01a7d"
}