{
  "schema": 8,
  "config": "046f2fa5dea988a7f391a8128774caad0a7f223fdb6b0fcbcd3b2e88d1709cb9",
  "source": "06e9d211e1e0b095872a1c55450d7d12ecc656e45d82dee070951fb56a336bdd",
  "exporter": "34fa3a5aa0cb21a5c62e2411fb5e923bbc3e44a71b1c72264296f7f4a8589874",
  "artifact": "79e18651bf8f5de2671a03282d30a95b5a7b1b4883d3bdae61e93a2305186e7b",
  "identity": "f409d719dbe4450da1976d3a23aab97e2d324d5445621cdf91eb8e7e7dea1f85",
  "charon_driver": "f1a5b3aa7c2bf75684a9ecab5f1d02795caac95d27798f9e208742a026b01a7d"
}