{
  "schema": 8,
  "config": "20a15fdda87146239d4b8e61bcd9ada361957983a5d45aff0c5c83364d490380",
  "source": "8e06f0311715da73c6328a862d5bf4a1c36cb612ea46fc1ac65cd2202f0620c4",
  "exporter": "e022313f794c7e324a8704d76df04d99a4fa84b509c0b5f3e4940e94dffe655b",
  "artifact": "f45d23670c514b8e2c8bf28fd012c8d279bb8b7b2d51cfc302269875156c2a88",
  "identity": "2aacadab0f77b38afc83ae86a2131cf00d58c5df1e11654ad4e37d49708fbdac",
  "charon_driver": "9690974df0ebd5515919e754ae99d8634d2476a4af9ba2b05a8e5efa40906919"
}