{
  "schema": 8,
  "config": "20a15fdda87146239d4b8e61bcd9ada361957983a5d45aff0c5c83364d490380",
  "source": "8e06f0311715da73c6328a862d5bf4a1c36cb612ea46fc1ac65cd2202f0620c4",
  "exporter": "34fa3a5aa0cb21a5c62e2411fb5e923bbc3e44a71b1c72264296f7f4a8589874",
  "artifact": "ebf2716c0969a537e0aefae9fedbf42a4ad8ae0ae6b732efd42400b99f7dacb5",
  "identity": "173358433a041b2a437e15900819b5f8be33b63ccfbab50530cc31086d186e48",
  "charon_driver": "f1a5b3aa7c2bf75684a9ecab5f1d02795caac95d27798f9e208742a026b01a7d"
}