{
  "schema": 8,
  "config": "75fa89ddaf48b37022192535ef8c05a2b962371bcf2127bb2c9c5991e014ac61",
  "source": "94a607581a4e4008e8d2387c6145efb5f5a5d0661f285a4c53bb1a20dc10f088",
  "exporter": "34fa3a5aa0cb21a5c62e2411fb5e923bbc3e44a71b1c72264296f7f4a8589874",
  "artifact": "66aef096f65e32d16984795c02af7dad1e5c577022fe0a00896d00c196ce82f9",
  "identity": "1abc5eba3921c42d1afcada5633549bc798b154f8de7b991e9bd91d1eb113cc9",
  "charon_driver": "f1a5b3aa7c2bf75684a9ecab5f1d02795caac95d27798f9e208742a026b01a7d"
}