{
  "schema": 8,
  "config": "b565791e00468abea90119a6e74e3e983350bfea9a1b046417299a549b4cfa31",
  "source": "94a607581a4e4008e8d2387c6145efb5f5a5d0661f285a4c53bb1a20dc10f088",
  "exporter": "e022313f794c7e324a8704d76df04d99a4fa84b509c0b5f3e4940e94dffe655b",
  "artifact": "0518ec1739be14663ecc9f4f4ff6a8c66b3f957dba2f4b91802e094c7cc3a1a2",
  "identity": "2a28989779432a3a7cdd57f83ecd6793dccf4885494168063de73d7bb2c62211",
  "charon_driver": "9690974df0ebd5515919e754ae99d8634d2476a4af9ba2b05a8e5efa40906919"
}