{
  "schema": 8,
  "config": "3e4fad4db7ef6e30cf8900a1bb32082881f3dbc51306efbd2bb5d08a98745397",
  "source": "f3ca32a39417d4217e20537e3ca0876cba48220f6ab7fbce051a4693bcadfd83",
  "exporter": "e022313f794c7e324a8704d76df04d99a4fa84b509c0b5f3e4940e94dffe655b",
  "artifact": "3f292e28c725ac6f23d61d506bf15805d514b9f898c36fccae7f6313cd6c2069",
  "identity": "35ac9228f459bfe4f46fa32326e46e1b73877694e39d45b2a0539af801f3060e",
  "charon_driver": "9690974df0ebd5515919e754ae99d8634d2476a4af9ba2b05a8e5efa40906919"
}