{
  "schema": 8,
  "config": "e7a850c39dd2596fc737be9c84a047610c6310a38759963f236f7363d13cc27c",
  "source": "5216c3642d3b0cad91c532cc16e5818dec32f14d650d48b4d57b46ea0f75faf8",
  "exporter": "e022313f794c7e324a8704d76df04d99a4fa84b509c0b5f3e4940e94dffe655b",
  "artifact": "eb43961fd64054e500630eda8a51ff3df9a0d06f1c92585c03a0bf9df327a71c",
  "identity": "90aded5b06cc60e1bd090f3eb9a81e3aa61e9223f6079318187bc9a214ee98f6",
  "charon_driver": "9690974df0ebd5515919e754ae99d8634d2476a4af9ba2b05a8e5efa40906919"
}