{
  "schema": 8,
  "config": "ae79057c5cb7b7f01e800245a789bc5d57fbbecb672ccc9dee4176dc408e8d47",
  "source": "b9efc92fa672a9b0960330b4fbcad0c7d9d63b457121a716b22fdf2ed7631106",
  "exporter": "34fa3a5aa0cb21a5c62e2411fb5e923bbc3e44a71b1c72264296f7f4a8589874",
  "artifact": "a7e4c7ef096762c997d01920e044101af750b00127f41af1525833d16197303d",
  "identity": "9b049c0530e6b64e57a69ce2d83c0dbf4a2be97581718b05972969fb01b952ba",
  "charon_driver": "f1a5b3aa7c2bf75684a9ecab5f1d02795caac95d27798f9e208742a026b01a7d"
}