{
  "schema": 8,
  "config": "cf9b90c159a122108157324fb06f85c05e0c2eb2781052b8e96cbe852cbd742b",
  "source": "47cda97adf0cdab43534650076e7415777fe1f9170d09c8d0dea829f2708e7b7",
  "exporter": "34fa3a5aa0cb21a5c62e2411fb5e923bbc3e44a71b1c72264296f7f4a8589874",
  "artifact": "8c877f6a1a8bd82812f8ca8a311866a56a1d9caee47333fd140b8af9f471ec75",
  "identity": "83d662602a5446a951ab21a575523696209152850f3e40d13a33ee996d0026e7",
  "charon_driver": "f1a5b3aa7c2bf75684a9ecab5f1d02795caac95d27798f9e208742a026b01a7d"
}