{
  "schema": 8,
  "config": "40d8e584033ec25e6004c3452a1c7b69579d437576adbbab7d4454b8c964ec61",
  "source": "44b9efe6b8cc8853fa840fc425fa21cd0be2dbf2f3e6434083db15d68cd10353",
  "exporter": "34fa3a5aa0cb21a5c62e2411fb5e923bbc3e44a71b1c72264296f7f4a8589874",
  "artifact": "a74fa8c91b558b83302fd50941a7132bd0328b5c122f58a626ae57f8d7a6258d",
  "identity": "96ee1ed434548cd96294b4e5ed37355699c9f14481d900b832584e56e0c22cbb",
  "charon_driver": "f1a5b3aa7c2bf75684a9ecab5f1d02795caac95d27798f9e208742a026b01a7d"
}
