{
  "schema": 8,
  "config": "40486f295af516aa83e8a98d5714a944524ef3b5c430a974bd042fe09c4b2c93",
  "source": "5944abdc66d49c31eda9324c446cb8fdbe29e382a960e3b17954801719925d73",
  "exporter": "34fa3a5aa0cb21a5c62e2411fb5e923bbc3e44a71b1c72264296f7f4a8589874",
  "artifact": "b557a9f13676f7bf34015bc863428975a7f29e663f6239698173401311a67e86",
  "identity": "256416d7cd62052ada304e34fda9f96d67a016d6391605b9649b2ecbfb8bcbb4",
  "charon_driver": "f1a5b3aa7c2bf75684a9ecab5f1d02795caac95d27798f9e208742a026b01a7d"
}