{
  "schema": 8,
  "config": "40486f295af516aa83e8a98d5714a944524ef3b5c430a974bd042fe09c4b2c93",
  "source": "5944abdc66d49c31eda9324c446cb8fdbe29e382a960e3b17954801719925d73",
  "exporter": "34fa3a5aa0cb21a5c62e2411fb5e923bbc3e44a71b1c72264296f7f4a8589874",
  "artifact": "9031f1929c2da42733aa9d5c27e18e9d27e875a64c0c4abbe4a8fe391ae956ee",
  "identity": "c2b5f0699187c4c75dbbfd8cd13e34cd9c569a32dee0ddf107882c161bb3fc8c",
  "charon_driver": "f1a5b3aa7c2bf75684a9ecab5f1d02795caac95d27798f9e208742a026b01a7d"
}
