{
  "schema": 8,
  "config": "7a13a6cade90c172e21120ea63c141e428db1cb2d09d6d76b4d5e7191cc13295",
  "source": "47d6052dafa06711124f8fb72cc7e01e240125e381ce288b93794b833ae73980",
  "exporter": "34fa3a5aa0cb21a5c62e2411fb5e923bbc3e44a71b1c72264296f7f4a8589874",
  "artifact": "90c33e68913a7ca38e6697e8ceaad303c16eb8a2317646e1d9e3851c3db948a4",
  "identity": "b7ab1d75b86ffecb061d85f9790a346f364a2f2c55302bb64c1d80b341fd0a24",
  "charon_driver": "f1a5b3aa7c2bf75684a9ecab5f1d02795caac95d27798f9e208742a026b01a7d"
}
