{
  "schema": 8,
  "config": "93a2611199ab87e6d628737754673fa867c4bb957fe5465e926e274c3e806350",
  "source": "5bd9c68a1828650d102163e5f1b7d16537faeabf630b4c3d429d366b000d8604",
  "exporter": "e022313f794c7e324a8704d76df04d99a4fa84b509c0b5f3e4940e94dffe655b",
  "artifact": "46c58ffa63cc5e9c77ef7fb9fea114ea9654df4183d5631fd8154c452e358fb6",
  "identity": "2e9560e016710441e89f80ba3c9504644298032ade03753962b8b117b3aaafde",
  "charon_driver": "9690974df0ebd5515919e754ae99d8634d2476a4af9ba2b05a8e5efa40906919"
}