{
  "schema": 8,
  "config": "1aa34abe9d304d4ccf471e2cd99f6acb7c7d2177bf2f87a31a4e6341580304a4",
  "source": "ee4d1e1be97add652cf9f7afe320b9c7623cc4e8e0c316ad73ba9ca938d1b76d",
  "exporter": "34fa3a5aa0cb21a5c62e2411fb5e923bbc3e44a71b1c72264296f7f4a8589874",
  "artifact": "fdc637d0842cf76c2e8c31cc5a872a1069630fd2a360c56a7d5afed532d5e7ba",
  "identity": "8399929b1185c557075d0275f1e0c4ffdfe0b7fa957b972aa24b01003d61344e",
  "charon_driver": "f1a5b3aa7c2bf75684a9ecab5f1d02795caac95d27798f9e208742a026b01a7d"
}