{
  "schema": 8,
  "config": "1aa34abe9d304d4ccf471e2cd99f6acb7c7d2177bf2f87a31a4e6341580304a4",
  "source": "ee4d1e1be97add652cf9f7afe320b9c7623cc4e8e0c316ad73ba9ca938d1b76d",
  "exporter": "e022313f794c7e324a8704d76df04d99a4fa84b509c0b5f3e4940e94dffe655b",
  "artifact": "897a561b5581b426c7ca90753aedc22d767e3c6c7b9ccd987086fc6161bd91f2",
  "identity": "491cab04b4a6f3428600d2d45ca7dfd74d9cbabf94a7309a3416ca73bdd34f55",
  "charon_driver": "9690974df0ebd5515919e754ae99d8634d2476a4af9ba2b05a8e5efa40906919"
}