{
  "schema": 8,
  "config": "2f2f49da7e703d890334f2c92ed49b0edcec5bbbb71f2e2089c0a690859e4eff",
  "source": "1eeb86173e0eb14ef276fc210ba5340a89a749a77a2894fbb12851167856bc98",
  "exporter": "e022313f794c7e324a8704d76df04d99a4fa84b509c0b5f3e4940e94dffe655b",
  "artifact": "47c692efec46e29ac69565e7518ad15055aaa058643612515c78c2fd50770de8",
  "identity": "0bbf157d80056c7c3dcd2efc98b86b9ebfa0a9794aa23af22ce0a85424a57821",
  "charon_driver": "9690974df0ebd5515919e754ae99d8634d2476a4af9ba2b05a8e5efa40906919"
}