{
  "schema": 8,
  "config": "5070542b0a5cb2636158149d2af641d9f0702619c330bbf8b41c3f61ebb26a16",
  "source": "a8c2dfeca48639fad16144a775c25c8057471e442ac134426e934abea76d61d6",
  "exporter": "34fa3a5aa0cb21a5c62e2411fb5e923bbc3e44a71b1c72264296f7f4a8589874",
  "artifact": "a21cb22b61d506daa4acf0f08a9982b46cff2c24ce33ad68075068845f8aed2f",
  "identity": "1dc9e5efd8b1ddad3fb0c0eca164f893148a920a4433074b4af42f1dbb2884b1",
  "charon_driver": "f1a5b3aa7c2bf75684a9ecab5f1d02795caac95d27798f9e208742a026b01a7d"
}