{
  "schema": 8,
  "config": "41c3296ba672aa6c7039662e246ddee732ad29649222f2eba780aafe09b08c3d",
  "source": "82a24bd7ff46702e7525a5486f0216816b729b30c629f9b5704fd3f9d42dd081",
  "exporter": "34fa3a5aa0cb21a5c62e2411fb5e923bbc3e44a71b1c72264296f7f4a8589874",
  "artifact": "915c88aed8fff1eb9d82923ac6d7aa05aa9118acd5659bf665598142ccb9a862",
  "identity": "a0f5bfa066663b0b0a07575b934243aaa896c040c153373401d90805e35211e5",
  "charon_driver": "f1a5b3aa7c2bf75684a9ecab5f1d02795caac95d27798f9e208742a026b01a7d"
}