{
  "schema": 8,
  "config": "0c7ebf03a570d34e4e994afca7a153bbcee955eae11bfc8af76ec0f8b5b54a10",
  "source": "37a2ef869fd399b09c44338309bdfb2ec4d666f05d5f31cf95e96861fd4c9431",
  "exporter": "e022313f794c7e324a8704d76df04d99a4fa84b509c0b5f3e4940e94dffe655b",
  "artifact": "5b89a995978c16d5bcb50719a17bfbed24e97879c5278c549bdfb4090e5536f6",
  "identity": "ce72ef0a9877e7029553a30a3ee05771c6e4f10a4ae7cb2a643a5319f356d7c7",
  "charon_driver": "9690974df0ebd5515919e754ae99d8634d2476a4af9ba2b05a8e5efa40906919"
}