{
  "schema": 8,
  "config": "74ea3d5613a6542fe3eac8d5eed268b5c6d11249969a8248fdedcca2716b09b3",
  "source": "87313cbf3b3ffa154117f7b1232acc9bc291fa35ce79e88aa791bc21d9819d62",
  "exporter": "e022313f794c7e324a8704d76df04d99a4fa84b509c0b5f3e4940e94dffe655b",
  "artifact": "8672c4ab1512e946361e7123071567c3a14d2aa93cde13146f89906653a83e04",
  "identity": "8f7196d7d0f489ebb1a2fc7b2fd277e0cc94c3645e9681472c078e3edc8fb27c",
  "charon_driver": "9690974df0ebd5515919e754ae99d8634d2476a4af9ba2b05a8e5efa40906919"
}