{
  "schema": 8,
  "config": "51fc22cb196dfa861c66de99ad38d1dd33ce40a8ca2c15ef26fc77ac6581051a",
  "source": "f7351191f4a7c1e2324f481f3954ebb2f0e6e4bbc35bc8583d28a908e7665423",
  "exporter": "e022313f794c7e324a8704d76df04d99a4fa84b509c0b5f3e4940e94dffe655b",
  "artifact": "8b0959e2e842ff6701121566327a36d8e0b42997db54790a7d277a49f7e5bcf9",
  "identity": "d486c4c143d8fa16548911a6179af1ad542a8231beb5ab1e8b60c43039f3a5fe",
  "charon_driver": "9690974df0ebd5515919e754ae99d8634d2476a4af9ba2b05a8e5efa40906919"
}