{
  "schema": 8,
  "config": "b3ff8baf28c0cb7928f8121b86bdf66a8d68610b6bbd66531e8530c558ff0ec9",
  "source": "c6df3529b18c38d774862789ff8e5858802538018bdbcddbe365c81ba9552c96",
  "exporter": "e022313f794c7e324a8704d76df04d99a4fa84b509c0b5f3e4940e94dffe655b",
  "artifact": "e18d40a4e5fd0de9fc2eb7b1d62589c69f809ee0cd7a1a3bc573d87868ce1d24",
  "identity": "f8d183eda70086de628b6753a5d9da31a8b1d7a468901a357f6d489db4ab1431",
  "charon_driver": "9690974df0ebd5515919e754ae99d8634d2476a4af9ba2b05a8e5efa40906919"
}