{
  "schema": 8,
  "config": "15d5ee0ba77dfe5102070c51ffc2a793fd18eb0457367acffd5defe6845cbed0",
  "source": "18a3e788b517a4de4092c3d4c6387f35db2113825fe10164e003ee816c22c0a5",
  "exporter": "34fa3a5aa0cb21a5c62e2411fb5e923bbc3e44a71b1c72264296f7f4a8589874",
  "artifact": "de8e78718b34a85258349632dbd1d1dbddf880e9036f8ada4eb28d9a7b1a88ff",
  "identity": "620b17d9cf04b043d1781e4f17a3458f3a2044d620c3d20035c9b001c1271cef",
  "charon_driver": "f1a5b3aa7c2bf75684a9ecab5f1d02795caac95d27798f9e208742a026b01a7d"
}