{
  "schema": 8,
  "config": "74ea3d5613a6542fe3eac8d5eed268b5c6d11249969a8248fdedcca2716b09b3",
  "source": "18a3e788b517a4de4092c3d4c6387f35db2113825fe10164e003ee816c22c0a5",
  "exporter": "e022313f794c7e324a8704d76df04d99a4fa84b509c0b5f3e4940e94dffe655b",
  "artifact": "2de1b6f9194e80535830dbec06a6ff166268d6e8842048479632b22abeb0467e",
  "identity": "3199476d7297e0849f99e339990f8cabfe1a1237efc945aace58850ef27ec560",
  "charon_driver": "9690974df0ebd5515919e754ae99d8634d2476a4af9ba2b05a8e5efa40906919"
}